{
  "name": "playground",
  "lockfileVersion": 3,
  "requires": true,
  "packages": {
    "": {
      "name": "playground",
      "dependencies": {
        "@emilo/requestify": "file:.."
      }
    },
    "..": {
      "name": "@emilo/requestify",
      "version": "1.0.0",
      "license": "MIT",
      "dependencies": {
        "path-to-regexp": "^8.4.2"
      },
      "devDependencies": {
        "@arethetypeswrong/cli": "^0.18.5",
        "tsdown": "^0.23.0",
        "typescript": "^7.0.2"
      }
    },
    "node_modules/@emilo/requestify": {
      "resolved": "..",
      "link": true
    }
  }
}
